// !$*UTF8*$!
{
	archiveVersion = 1;
	classes = {
	};
	objectVersion = 56;
	objects = {

/* Begin PBXBuildFile section */
		D827634629118E6100693ABB /* SDWebImage in Frameworks */ = {isa = PBXBuildFile; productRef = D827634529118E6100693ABB /* SDWebImage */; };
		D827634829118E6100693ABB /* SDWebImageMapKit in Frameworks */ = {isa = PBXBuildFile; productRef = D827634729118E6100693ABB /* SDWebImageMapKit */; };
		D8AD9F2729046165003EBC9E /* APICaller.swift in Sources */ = {isa = PBXBuildFile; fileRef = D8AD9F2629046165003EBC9E /* APICaller.swift */; };
		D8AD9F2929070DD5003EBC9E /* Movie.swift in Sources */ = {isa = PBXBuildFile; fileRef = D8AD9F2829070DD5003EBC9E /* Movie.swift */; };
		D8AD9F2B290FFC13003EBC9E /* Extentions.swift in Sources */ = {isa = PBXBuildFile; fileRef = D8AD9F2A290FFC13003EBC9E /* Extentions.swift */; };
		D8AD9F2F29116D18003EBC9E /* TitleCollectionViewCell.swift in Sources */ = {isa = PBXBuildFile; fileRef = D8AD9F2E29116D18003EBC9E /* TitleCollectionViewCell.swift */; };
		D8B6B9BD2900477F008ED31E /* CollectionViewTableViewCell.swift in Sources */ = {isa = PBXBuildFile; fileRef = D8B6B9BC2900477F008ED31E /* CollectionViewTableViewCell.swift */; };
		D8B6B9BF2900A304008ED31E /* HeroHeaderUIView.swift in Sources */ = {isa = PBXBuildFile; fileRef = D8B6B9BE2900A304008ED31E /* HeroHeaderUIView.swift */; };
		D8CB8D2429E77C6C0021A971 /* YoutubeSeachResponse.swift in Sources */ = {isa = PBXBuildFile; fileRef = D8CB8D2329E77C6C0021A971 /* YoutubeSeachResponse.swift */; };
		D8CB8D2629E9CCA80021A971 /* TitlePreviewDetailViewController.swift in Sources */ = {isa = PBXBuildFile; fileRef = D8CB8D2529E9CCA80021A971 /* TitlePreviewDetailViewController.swift */; };
		D8CB8D2829E9ECED0021A971 /* TitleDitailModel.swift in Sources */ = {isa = PBXBuildFile; fileRef = D8CB8D2729E9ECED0021A971 /* TitleDitailModel.swift */; };
		D8CB8D2B29EB1D050021A971 /* CollectionViewDelegate.swift in Sources */ = {isa = PBXBuildFile; fileRef = D8CB8D2A29EB1D050021A971 /* CollectionViewDelegate.swift */; };
		D8D91F922900377D0002C9F2 /* AppDelegate.swift in Sources */ = {isa = PBXBuildFile; fileRef = D8D91F912900377D0002C9F2 /* AppDelegate.swift */; };
		D8D91F942900377D0002C9F2 /* SceneDelegate.swift in Sources */ = {isa = PBXBuildFile; fileRef = D8D91F932900377D0002C9F2 /* SceneDelegate.swift */; };
		D8D91F962900377D0002C9F2 /* MainTabBarViewController.swift in Sources */ = {isa = PBXBuildFile; fileRef = D8D91F952900377D0002C9F2 /* MainTabBarViewController.swift */; };
		D8D91F9B2900377E0002C9F2 /* Assets.xcassets in Resources */ = {isa = PBXBuildFile; fileRef = D8D91F9A2900377E0002C9F2 /* Assets.xcassets */; };
		D8D91F9E2900377E0002C9F2 /* LaunchScreen.storyboard in Resources */ = {isa = PBXBuildFile; fileRef = D8D91F9C2900377E0002C9F2 /* LaunchScreen.storyboard */; };
		D8D91FA729003A410002C9F2 /* HomeViewController.swift in Sources */ = {isa = PBXBuildFile; fileRef = D8D91FA629003A400002C9F2 /* HomeViewController.swift */; };
		D8D91FA929003A5D0002C9F2 /* UpcomingViewController.swift in Sources */ = {isa = PBXBuildFile; fileRef = D8D91FA829003A5D0002C9F2 /* UpcomingViewController.swift */; };
		D8D91FAB29003ACD0002C9F2 /* SearchViewController.swift in Sources */ = {isa = PBXBuildFile; fileRef = D8D91FAA29003ACD0002C9F2 /* SearchViewController.swift */; };
		D8D91FAD29003AF70002C9F2 /* DownloadsViewController.swift in Sources */ = {isa = PBXBuildFile; fileRef = D8D91FAC29003AF70002C9F2 /* DownloadsViewController.swift */; };
		D8DC02CB2922EFAB00C5DE3D /* TItleTableViewCell.swift in Sources */ = {isa = PBXBuildFile; fileRef = D8DC02CA2922EFAB00C5DE3D /* TItleTableViewCell.swift */; };
		D8DC02CF2922FCFE00C5DE3D /* UpcomingMoviesModel.swift in Sources */ = {isa = PBXBuildFile; fileRef = D8DC02CE2922FCFE00C5DE3D /* UpcomingMoviesModel.swift */; };
		D8DC02D3292AB2E800C5DE3D /* SearchResultViewController.swift in Sources */ = {isa = PBXBuildFile; fileRef = D8DC02D2292AB2E800C5DE3D /* SearchResultViewController.swift */; };
		D8F6CBC22A09A9A300D7B522 /* CoreDataModel.xcdatamodeld in Sources */ = {isa = PBXBuildFile; fileRef = D8F6CBC02A09A9A300D7B522 /* CoreDataModel.xcdatamodeld */; };
		D8F6CBC52A0C0C5500D7B522 /* TitleItem+CoreDataClass.swift in Sources */ = {isa = PBXBuildFile; fileRef = D8F6CBC32A0C0C5500D7B522 /* TitleItem+CoreDataClass.swift */; };
		D8F6CBC62A0C0C5500D7B522 /* TitleItem+CoreDataProperties.swift in Sources */ = {isa = PBXBuildFile; fileRef = D8F6CBC42A0C0C5500D7B522 /* TitleItem+CoreDataProperties.swift */; };
/* End PBXBuildFile section */

/* Begin PBXFileReference section */
		D8AD9F2629046165003EBC9E /* APICaller.swift */ = {isa = PBXFileReference; lastKnownFileType = sourcecode.swift; path = APICaller.swift; sourceTree = "<group>"; };
		D8AD9F2829070DD5003EBC9E /* Movie.swift */ = {isa = PBXFileReference; lastKnownFileType = sourcecode.swift; path = Movie.swift; sourceTree = "<group>"; };
		D8AD9F2A290FFC13003EBC9E /* Extentions.swift */ = {isa = PBXFileReference; lastKnownFileType = sourcecode.swift; path = Extentions.swift; sourceTree = "<group>"; };
		D8AD9F2E29116D18003EBC9E /* TitleCollectionViewCell.swift */ = {isa = PBXFileReference; lastKnownFileType = sourcecode.swift; path = TitleCollectionViewCell.swift; sourceTree = "<group>"; };
		D8B6B9BC2900477F008ED31E /* CollectionViewTableViewCell.swift */ = {isa = PBXFileReference; lastKnownFileType = sourcecode.swift; path = CollectionViewTableViewCell.swift; sourceTree = "<group>"; };
		D8B6B9BE2900A304008ED31E /* HeroHeaderUIView.swift */ = {isa = PBXFileReference; lastKnownFileType = sourcecode.swift; path = HeroHeaderUIView.swift; sourceTree = "<group>"; };
		D8CB8D2329E77C6C0021A971 /* YoutubeSeachResponse.swift */ = {isa = PBXFileReference; lastKnownFileType = sourcecode.swift; path = YoutubeSeachResponse.swift; sourceTree = "<group>"; };
		D8CB8D2529E9CCA80021A971 /* TitlePreviewDetailViewController.swift */ = {isa = PBXFileReference; lastKnownFileType = sourcecode.swift; path = TitlePreviewDetailViewController.swift; sourceTree = "<group>"; };
		D8CB8D2729E9ECED0021A971 /* TitleDitailModel.swift */ = {isa = PBXFileReference; lastKnownFileType = sourcecode.swift; path = TitleDitailModel.swift; sourceTree = "<group>"; };
		D8CB8D2A29EB1D050021A971 /* CollectionViewDelegate.swift */ = {isa = PBXFileReference; lastKnownFileType = sourcecode.swift; path = CollectionViewDelegate.swift; sourceTree = "<group>"; };
		D8D91F8E2900377D0002C9F2 /* MyNetflix.app */ = {isa = PBXFileReference; explicitFileType = wrapper.application; includeInIndex = 0; path = MyNetflix.app; sourceTree = BUILT_PRODUCTS_DIR; };
		D8D91F912900377D0002C9F2 /* AppDelegate.swift */ = {isa = PBXFileReference; lastKnownFileType = sourcecode.swift; path = AppDelegate.swift; sourceTree = "<group>"; };
		D8D91F932900377D0002C9F2 /* SceneDelegate.swift */ = {isa = PBXFileReference; lastKnownFileType = sourcecode.swift; path = SceneDelegate.swift; sourceTree = "<group>"; };
		D8D91F952900377D0002C9F2 /* MainTabBarViewController.swift */ = {isa = PBXFileReference; lastKnownFileType = sourcecode.swift; path = MainTabBarViewController.swift; sourceTree = "<group>"; };
		D8D91F9A2900377E0002C9F2 /* Assets.xcassets */ = {isa = PBXFileReference; lastKnownFileType = folder.assetcatalog; path = Assets.xcassets; sourceTree = "<group>"; };
		D8D91F9D2900377E0002C9F2 /* Base */ = {isa = PBXFileReference; lastKnownFileType = file.storyboard; name = Base; path = Base.lproj/LaunchScreen.storyboard; sourceTree = "<group>"; };
		D8D91F9F2900377E0002C9F2 /* Info.plist */ = {isa = PBXFileReference; lastKnownFileType = text.plist.xml; path = Info.plist; sourceTree = "<group>"; };
		D8D91FA629003A400002C9F2 /* HomeViewController.swift */ = {isa = PBXFileReference; lastKnownFileType = sourcecode.swift; path = HomeViewController.swift; sourceTree = "<group>"; };
		D8D91FA829003A5D0002C9F2 /* UpcomingViewController.swift */ = {isa = PBXFileReference; lastKnownFileType = sourcecode.swift; path = UpcomingViewController.swift; sourceTree = "<group>"; };
		D8D91FAA29003ACD0002C9F2 /* SearchViewController.swift */ = {isa = PBXFileReference; lastKnownFileType = sourcecode.swift; path = SearchViewController.swift; sourceTree = "<group>"; };
		D8D91FAC29003AF70002C9F2 /* DownloadsViewController.swift */ = {isa = PBXFileReference; lastKnownFileType = sourcecode.swift; path = DownloadsViewController.swift; sourceTree = "<group>"; };
		D8DC02CA2922EFAB00C5DE3D /* TItleTableViewCell.swift */ = {isa = PBXFileReference; lastKnownFileType = sourcecode.swift; path = TItleTableViewCell.swift; sourceTree = "<group>"; };
		D8DC02CE2922FCFE00C5DE3D /* UpcomingMoviesModel.swift */ = {isa = PBXFileReference; lastKnownFileType = sourcecode.swift; path = UpcomingMoviesModel.swift; sourceTree = "<group>"; };
		D8DC02D2292AB2E800C5DE3D /* SearchResultViewController.swift */ = {isa = PBXFileReference; lastKnownFileType = sourcecode.swift; path = SearchResultViewController.swift; sourceTree = "<group>"; };
		D8F6CBC12A09A9A300D7B522 /* CoreDataModel.xcdatamodel */ = {isa = PBXFileReference; lastKnownFileType = wrapper.xcdatamodel; path = CoreDataModel.xcdatamodel; sourceTree = "<group>"; };
		D8F6CBC32A0C0C5500D7B522 /* TitleItem+CoreDataClass.swift */ = {isa = PBXFileReference; lastKnownFileType = sourcecode.swift; path = "TitleItem+CoreDataClass.swift"; sourceTree = "<group>"; };
		D8F6CBC42A0C0C5500D7B522 /* TitleItem+CoreDataProperties.swift */ = {isa = PBXFileReference; lastKnownFileType = sourcecode.swift; path = "TitleItem+CoreDataProperties.swift"; sourceTree = "<group>"; };
/* End PBXFileReference section */

/* Begin PBXFrameworksBuildPhase section */
		D8D91F8B2900377D0002C9F2 /* Frameworks */ = {
			isa = PBXFrameworksBuildPhase;
			buildActionMask = 2147483647;
			files = (
				D827634829118E6100693ABB /* SDWebImageMapKit in Frameworks */,
				D827634629118E6100693ABB /* SDWebImage in Frameworks */,
			);
			runOnlyForDeploymentPostprocessing = 0;
		};
/* End PBXFrameworksBuildPhase section */

/* Begin PBXGroup section */
		D8CB8D2929EB1CE10021A971 /* DataSource */ = {
			isa = PBXGroup;
			children = (
				D8CB8D2A29EB1D050021A971 /* CollectionViewDelegate.swift */,
			);
			path = DataSource;
			sourceTree = "<group>";
		};
		D8D91F852900377D0002C9F2 = {
			isa = PBXGroup;
			children = (
				D8D91F902900377D0002C9F2 /* MyNetflix */,
				D8D91F8F2900377D0002C9F2 /* Products */,
			);
			sourceTree = "<group>";
		};
		D8D91F8F2900377D0002C9F2 /* Products */ = {
			isa = PBXGroup;
			children = (
				D8D91F8E2900377D0002C9F2 /* MyNetflix.app */,
			);
			name = Products;
			sourceTree = "<group>";
		};
		D8D91F902900377D0002C9F2 /* MyNetflix */ = {
			isa = PBXGroup;
			children = (
				D8D91FB2290046470002C9F2 /* Managers */,
				D8D91FB1290046300002C9F2 /* Resources */,
				D8D91FB0290046060002C9F2 /* Models */,
				D8D91FAE290045F30002C9F2 /* Views */,
				D8D91FA5290039E20002C9F2 /* Controllers */,
				D8D91F952900377D0002C9F2 /* MainTabBarViewController.swift */,
				D8D91F912900377D0002C9F2 /* AppDelegate.swift */,
				D8D91F932900377D0002C9F2 /* SceneDelegate.swift */,
				D8D91F9A2900377E0002C9F2 /* Assets.xcassets */,
				D8D91F9C2900377E0002C9F2 /* LaunchScreen.storyboard */,
				D8D91F9F2900377E0002C9F2 /* Info.plist */,
				D8F6CBC02A09A9A300D7B522 /* CoreDataModel.xcdatamodeld */,
			);
			path = MyNetflix;
			sourceTree = "<group>";
		};
		D8D91FA5290039E20002C9F2 /* Controllers */ = {
			isa = PBXGroup;
			children = (
				D8DC02D1292AB28B00C5DE3D /* General */,
				D8DC02D0292AB27800C5DE3D /* Core */,
			);
			path = Controllers;
			sourceTree = "<group>";
		};
		D8D91FAE290045F30002C9F2 /* Views */ = {
			isa = PBXGroup;
			children = (
				D8B6B9BC2900477F008ED31E /* CollectionViewTableViewCell.swift */,
				D8B6B9BE2900A304008ED31E /* HeroHeaderUIView.swift */,
				D8AD9F2E29116D18003EBC9E /* TitleCollectionViewCell.swift */,
				D8DC02CA2922EFAB00C5DE3D /* TItleTableViewCell.swift */,
			);
			path = Views;
			sourceTree = "<group>";
		};
		D8D91FB0290046060002C9F2 /* Models */ = {
			isa = PBXGroup;
			children = (
				D8AD9F2829070DD5003EBC9E /* Movie.swift */,
				D8DC02CE2922FCFE00C5DE3D /* UpcomingMoviesModel.swift */,
				D8CB8D2329E77C6C0021A971 /* YoutubeSeachResponse.swift */,
				D8CB8D2729E9ECED0021A971 /* TitleDitailModel.swift */,
			);
			path = Models;
			sourceTree = "<group>";
		};
		D8D91FB1290046300002C9F2 /* Resources */ = {
			isa = PBXGroup;
			children = (
				D8AD9F2A290FFC13003EBC9E /* Extentions.swift */,
			);
			path = Resources;
			sourceTree = "<group>";
		};
		D8D91FB2290046470002C9F2 /* Managers */ = {
			isa = PBXGroup;
			children = (
				D8AD9F2629046165003EBC9E /* APICaller.swift */,
				D8F6CBC32A0C0C5500D7B522 /* TitleItem+CoreDataClass.swift */,
				D8F6CBC42A0C0C5500D7B522 /* TitleItem+CoreDataProperties.swift */,
			);
			path = Managers;
			sourceTree = "<group>";
		};
		D8DC02D0292AB27800C5DE3D /* Core */ = {
			isa = PBXGroup;
			children = (
				D8D91FA629003A400002C9F2 /* HomeViewController.swift */,
				D8D91FA829003A5D0002C9F2 /* UpcomingViewController.swift */,
				D8D91FAA29003ACD0002C9F2 /* SearchViewController.swift */,
				D8D91FAC29003AF70002C9F2 /* DownloadsViewController.swift */,
				D8CB8D2929EB1CE10021A971 /* DataSource */,
			);
			path = Core;
			sourceTree = "<group>";
		};
		D8DC02D1292AB28B00C5DE3D /* General */ = {
			isa = PBXGroup;
			children = (
				D8DC02D2292AB2E800C5DE3D /* SearchResultViewController.swift */,
				D8CB8D2529E9CCA80021A971 /* TitlePreviewDetailViewController.swift */,
			);
			path = General;
			sourceTree = "<group>";
		};
/* End PBXGroup section */

/* Begin PBXNativeTarget section */
		D8D91F8D2900377D0002C9F2 /* MyNetflix */ = {
			isa = PBXNativeTarget;
			buildConfigurationList = D8D91FA22900377E0002C9F2 /* Build configuration list for PBXNativeTarget "MyNetflix" */;
			buildPhases = (
				D8D91F8A2900377D0002C9F2 /* Sources */,
				D8D91F8B2900377D0002C9F2 /* Frameworks */,
				D8D91F8C2900377D0002C9F2 /* Resources */,
			);
			buildRules = (
			);
			dependencies = (
			);
			name = MyNetflix;
			packageProductDependencies = (
				D827634529118E6100693ABB /* SDWebImage */,
				D827634729118E6100693ABB /* SDWebImageMapKit */,
			);
			productName = MyNetflix;
			productReference = D8D91F8E2900377D0002C9F2 /* MyNetflix.app */;
			productType = "com.apple.product-type.application";
		};
/* End PBXNativeTarget section */

/* Begin PBXProject section */
		D8D91F862900377D0002C9F2 /* Project object */ = {
			isa = PBXProject;
			attributes = {
				BuildIndependentTargetsInParallel = 1;
				LastSwiftUpdateCheck = 1400;
				LastUpgradeCheck = 1400;
				TargetAttributes = {
					D8D91F8D2900377D0002C9F2 = {
						CreatedOnToolsVersion = 14.0.1;
					};
				};
			};
			buildConfigurationList = D8D91F892900377D0002C9F2 /* Build configuration list for PBXProject "MyNetflix" */;
			compatibilityVersion = "Xcode 14.0";
			developmentRegion = en;
			hasScannedForEncodings = 0;
			knownRegions = (
				en,
				Base,
			);
			mainGroup = D8D91F852900377D0002C9F2;
			packageReferences = (
				D827634429118E6100693ABB /* XCRemoteSwiftPackageReference "SDWebImage" */,
			);
			productRefGroup = D8D91F8F2900377D0002C9F2 /* Products */;
			projectDirPath = "";
			projectRoot = "";
			targets = (
				D8D91F8D2900377D0002C9F2 /* MyNetflix */,
			);
		};
/* End PBXProject section */

/* Begin PBXResourcesBuildPhase section */
		D8D91F8C2900377D0002C9F2 /* Resources */ = {
			isa = PBXResourcesBuildPhase;
			buildActionMask = 2147483647;
			files = (
				D8D91F9E2900377E0002C9F2 /* LaunchScreen.storyboard in Resources */,
				D8D91F9B2900377E0002C9F2 /* Assets.xcassets in Resources */,
			);
			runOnlyForDeploymentPostprocessing = 0;
		};
/* End PBXResourcesBuildPhase section */

/* Begin PBXSourcesBuildPhase section */
		D8D91F8A2900377D0002C9F2 /* Sources */ = {
			isa = PBXSourcesBuildPhase;
			buildActionMask = 2147483647;
			files = (
				D8DC02CB2922EFAB00C5DE3D /* TItleTableViewCell.swift in Sources */,
				D8D91FAB29003ACD0002C9F2 /* SearchViewController.swift in Sources */,
				D8F6CBC62A0C0C5500D7B522 /* TitleItem+CoreDataProperties.swift in Sources */,
				D8CB8D2429E77C6C0021A971 /* YoutubeSeachResponse.swift in Sources */,
				D8DC02CF2922FCFE00C5DE3D /* UpcomingMoviesModel.swift in Sources */,
				D8D91F962900377D0002C9F2 /* MainTabBarViewController.swift in Sources */,
				D8F6CBC22A09A9A300D7B522 /* CoreDataModel.xcdatamodeld in Sources */,
				D8B6B9BD2900477F008ED31E /* CollectionViewTableViewCell.swift in Sources */,
				D8AD9F2729046165003EBC9E /* APICaller.swift in Sources */,
				D8B6B9BF2900A304008ED31E /* HeroHeaderUIView.swift in Sources */,
				D8CB8D2829E9ECED0021A971 /* TitleDitailModel.swift in Sources */,
				D8D91FAD29003AF70002C9F2 /* DownloadsViewController.swift in Sources */,
				D8D91F922900377D0002C9F2 /* AppDelegate.swift in Sources */,
				D8AD9F2F29116D18003EBC9E /* TitleCollectionViewCell.swift in Sources */,
				D8D91F942900377D0002C9F2 /* SceneDelegate.swift in Sources */,
				D8AD9F2B290FFC13003EBC9E /* Extentions.swift in Sources */,
				D8D91FA929003A5D0002C9F2 /* UpcomingViewController.swift in Sources */,
				D8AD9F2929070DD5003EBC9E /* Movie.swift in Sources */,
				D8CB8D2629E9CCA80021A971 /* TitlePreviewDetailViewController.swift in Sources */,
				D8CB8D2B29EB1D050021A971 /* CollectionViewDelegate.swift in Sources */,
				D8F6CBC52A0C0C5500D7B522 /* TitleItem+CoreDataClass.swift in Sources */,
				D8DC02D3292AB2E800C5DE3D /* SearchResultViewController.swift in Sources */,
				D8D91FA729003A410002C9F2 /* HomeViewController.swift in Sources */,
			);
			runOnlyForDeploymentPostprocessing = 0;
		};
/* End PBXSourcesBuildPhase section */

/* Begin PBXVariantGroup section */
		D8D91F9C2900377E0002C9F2 /* LaunchScreen.storyboard */ = {
			isa = PBXVariantGroup;
			children = (
				D8D91F9D2900377E0002C9F2 /* Base */,
			);
			name = LaunchScreen.storyboard;
			sourceTree = "<group>";
		};
/* End PBXVariantGroup section */

/* Begin XCBuildConfiguration section */
		D8D91FA02900377E0002C9F2 /* Debug */ = {
			isa = XCBuildConfiguration;
			buildSettings = {
				ALWAYS_SEARCH_USER_PATHS = NO;
				CLANG_ANALYZER_NONNULL = YES;
				CLANG_ANALYZER_NUMBER_OBJECT_CONVERSION = YES_AGGRESSIVE;
				CLANG_CXX_LANGUAGE_STANDARD = "gnu++20";
				CLANG_ENABLE_MODULES = YES;
				CLANG_ENABLE_OBJC_ARC = YES;
				CLANG_ENABLE_OBJC_WEAK = YES;
				CLANG_WARN_BLOCK_CAPTURE_AUTORELEASING = YES;
				CLANG_WARN_BOOL_CONVERSION = YES;
				CLANG_WARN_COMMA = YES;
				CLANG_WARN_CONSTANT_CONVERSION = YES;
				CLANG_WARN_DEPRECATED_OBJC_IMPLEMENTATIONS = YES;
				CLANG_WARN_DIRECT_OBJC_ISA_USAGE = YES_ERROR;
				CLANG_WARN_DOCUMENTATION_COMMENTS = YES;
				CLANG_WARN_EMPTY_BODY = YES;
				CLANG_WARN_ENUM_CONVERSION = YES;
				CLANG_WARN_INFINITE_RECURSION = YES;
				CLANG_WARN_INT_CONVERSION = YES;
				CLANG_WARN_NON_LITERAL_NULL_CONVERSION = YES;
				CLANG_WARN_OBJC_IMPLICIT_RETAIN_SELF = YES;
				CLANG_WARN_OBJC_LITERAL_CONVERSION = YES;
				CLANG_WARN_OBJC_ROOT_CLASS = YES_ERROR;
				CLANG_WARN_QUOTED_INCLUDE_IN_FRAMEWORK_HEADER = YES;
				CLANG_WARN_RANGE_LOOP_ANALYSIS = YES;
				CLANG_WARN_STRICT_PROTOTYPES = YES;
				CLANG_WARN_SUSPICIOUS_MOVE = YES;
				CLANG_WARN_UNGUARDED_AVAILABILITY = YES_AGGRESSIVE;
				CLANG_WARN_UNREACHABLE_CODE = YES;
				CLANG_WARN__DUPLICATE_METHOD_MATCH = YES;
				COPY_PHASE_STRIP = NO;
				DEBUG_INFORMATION_FORMAT = dwarf;
				ENABLE_STRICT_OBJC_MSGSEND = YES;
				ENABLE_TESTABILITY = YES;
				GCC_C_LANGUAGE_STANDARD = gnu11;
				GCC_DYNAMIC_NO_PIC = NO;
				GCC_NO_COMMON_BLOCKS = YES;
				GCC_OPTIMIZATION_LEVEL = 0;
				GCC_PREPROCESSOR_DEFINITIONS = (
					"DEBUG=1",
					"$(inherited)",
				);
				GCC_WARN_64_TO_32_BIT_CONVERSION = YES;
				GCC_WARN_ABOUT_RETURN_TYPE = YES_ERROR;
				GCC_WARN_UNDECLARED_SELECTOR = YES;
				GCC_WARN_UNINITIALIZED_AUTOS = YES_AGGRESSIVE;
				GCC_WARN_UNUSED_FUNCTION = YES;
				GCC_WARN_UNUSED_VARIABLE = YES;
				IPHONEOS_DEPLOYMENT_TARGET = 16.0;
				MTL_ENABLE_DEBUG_INFO = INCLUDE_SOURCE;
				MTL_FAST_MATH = YES;
				ONLY_ACTIVE_ARCH = YES;
				SDKROOT = iphoneos;
				SWIFT_ACTIVE_COMPILATION_CONDITIONS = DEBUG;
				SWIFT_OPTIMIZATION_LEVEL = "-Onone";
			};
			name = Debug;
		};
		D8D91FA12900377E0002C9F2 /* Release */ = {
			isa = XCBuildConfiguration;
			buildSettings = {
				ALWAYS_SEARCH_USER_PATHS = NO;
				CLANG_ANALYZER_NONNULL = YES;
				CLANG_ANALYZER_NUMBER_OBJECT_CONVERSION = YES_AGGRESSIVE;
				CLANG_CXX_LANGUAGE_STANDARD = "gnu++20";
				CLANG_ENABLE_MODULES = YES;
				CLANG_ENABLE_OBJC_ARC = YES;
				CLANG_ENABLE_OBJC_WEAK = YES;
				CLANG_WARN_BLOCK_CAPTURE_AUTORELEASING = YES;
				CLANG_WARN_BOOL_CONVERSION = YES;
				CLANG_WARN_COMMA = YES;
				CLANG_WARN_CONSTANT_CONVERSION = YES;
				CLANG_WARN_DEPRECATED_OBJC_IMPLEMENTATIONS = YES;
				CLANG_WARN_DIRECT_OBJC_ISA_USAGE = YES_ERROR;
				CLANG_WARN_DOCUMENTATION_COMMENTS = YES;
				CLANG_WARN_EMPTY_BODY = YES;
				CLANG_WARN_ENUM_CONVERSION = YES;
				CLANG_WARN_INFINITE_RECURSION = YES;
				CLANG_WARN_INT_CONVERSION = YES;
				CLANG_WARN_NON_LITERAL_NULL_CONVERSION = YES;
				CLANG_WARN_OBJC_IMPLICIT_RETAIN_SELF = YES;
				CLANG_WARN_OBJC_LITERAL_CONVERSION = YES;
				CLANG_WARN_OBJC_ROOT_CLASS = YES_ERROR;
				CLANG_WARN_QUOTED_INCLUDE_IN_FRAMEWORK_HEADER = YES;
				CLANG_WARN_RANGE_LOOP_ANALYSIS = YES;
				CLANG_WARN_STRICT_PROTOTYPES = YES;
				CLANG_WARN_SUSPICIOUS_MOVE = YES;
				CLANG_WARN_UNGUARDED_AVAILABILITY = YES_AGGRESSIVE;
				CLANG_WARN_UNREACHABLE_CODE = YES;
				CLANG_WARN__DUPLICATE_METHOD_MATCH = YES;
				COPY_PHASE_STRIP = NO;
				DEBUG_INFORMATION_FORMAT = "dwarf-with-dsym";
				ENABLE_NS_ASSERTIONS = NO;
				ENABLE_STRICT_OBJC_MSGSEND = YES;
				GCC_C_LANGUAGE_STANDARD = gnu11;
				GCC_NO_COMMON_BLOCKS = YES;
				GCC_WARN_64_TO_32_BIT_CONVERSION = YES;
				GCC_WARN_ABOUT_RETURN_TYPE = YES_ERROR;
				GCC_WARN_UNDECLARED_SELECTOR = YES;
				GCC_WARN_UNINITIALIZED_AUTOS = YES_AGGRESSIVE;
				GCC_WARN_UNUSED_FUNCTION = YES;
				GCC_WARN_UNUSED_VARIABLE = YES;
				IPHONEOS_DEPLOYMENT_TARGET = 16.0;
				MTL_ENABLE_DEBUG_INFO = NO;
				MTL_FAST_MATH = YES;
				SDKROOT = iphoneos;
				SWIFT_COMPILATION_MODE = wholemodule;
				SWIFT_OPTIMIZATION_LEVEL = "-O";
				VALIDATE_PRODUCT = YES;
			};
			name = Release;
		};
		D8D91FA32900377E0002C9F2 /* Debug */ = {
			isa = XCBuildConfiguration;
			buildSettings = {
				ASSETCATALOG_COMPILER_APPICON_NAME = AppIcon;
				ASSETCATALOG_COMPILER_GLOBAL_ACCENT_COLOR_NAME = AccentColor;
				CODE_SIGN_STYLE = Automatic;
				CURRENT_PROJECT_VERSION = 1;
				DEVELOPMENT_TEAM = 9KLKLA3BF5;
				GENERATE_INFOPLIST_FILE = YES;
				INFOPLIST_FILE = MyNetflix/Info.plist;
				INFOPLIST_KEY_UIApplicationSupportsIndirectInputEvents = YES;
				INFOPLIST_KEY_UILaunchStoryboardName = LaunchScreen;
				INFOPLIST_KEY_UISupportedInterfaceOrientations_iPad = "UIInterfaceOrientationPortrait UIInterfaceOrientationPortraitUpsideDown UIInterfaceOrientationLandscapeLeft UIInterfaceOrientationLandscapeRight";
				INFOPLIST_KEY_UISupportedInterfaceOrientations_iPhone = "UIInterfaceOrientationPortrait UIInterfaceOrientationLandscapeLeft UIInterfaceOrientationLandscapeRight";
				LD_RUNPATH_SEARCH_PATHS = (
					"$(inherited)",
					"@executable_path/Frameworks",
				);
				MARKETING_VERSION = 1.0;
				PRODUCT_BUNDLE_IDENTIFIER = com.zhanybeksalgarin.MyNetflix;
				PRODUCT_NAME = "$(TARGET_NAME)";
				SWIFT_EMIT_LOC_STRINGS = YES;
				SWIFT_VERSION = 5.0;
				TARGETED_DEVICE_FAMILY = "1,2";
			};
			name = Debug;
		};
		D8D91FA42900377E0002C9F2 /* Release */ = {
			isa = XCBuildConfiguration;
			buildSettings = {
				ASSETCATALOG_COMPILER_APPICON_NAME = AppIcon;
				ASSETCATALOG_COMPILER_GLOBAL_ACCENT_COLOR_NAME = AccentColor;
				CODE_SIGN_STYLE = Automatic;
				CURRENT_PROJECT_VERSION = 1;
				DEVELOPMENT_TEAM = 9KLKLA3BF5;
				GENERATE_INFOPLIST_FILE = YES;
				INFOPLIST_FILE = MyNetflix/Info.plist;
				INFOPLIST_KEY_UIApplicationSupportsIndirectInputEvents = YES;
				INFOPLIST_KEY_UILaunchStoryboardName = LaunchScreen;
				INFOPLIST_KEY_UISupportedInterfaceOrientations_iPad = "UIInterfaceOrientationPortrait UIInterfaceOrientationPortraitUpsideDown UIInterfaceOrientationLandscapeLeft UIInterfaceOrientationLandscapeRight";
				INFOPLIST_KEY_UISupportedInterfaceOrientations_iPhone = "UIInterfaceOrientationPortrait UIInterfaceOrientationLandscapeLeft UIInterfaceOrientationLandscapeRight";
				LD_RUNPATH_SEARCH_PATHS = (
					"$(inherited)",
					"@executable_path/Frameworks",
				);
				MARKETING_VERSION = 1.0;
				PRODUCT_BUNDLE_IDENTIFIER = com.zhanybeksalgarin.MyNetflix;
				PRODUCT_NAME = "$(TARGET_NAME)";
				SWIFT_EMIT_LOC_STRINGS = YES;
				SWIFT_VERSION = 5.0;
				TARGETED_DEVICE_FAMILY = "1,2";
			};
			name = Release;
		};
/* End XCBuildConfiguration section */

/* Begin XCConfigurationList section */
		D8D91F892900377D0002C9F2 /* Build configuration list for PBXProject "MyNetflix" */ = {
			isa = XCConfigurationList;
			buildConfigurations = (
				D8D91FA02900377E0002C9F2 /* Debug */,
				D8D91FA12900377E0002C9F2 /* Release */,
			);
			defaultConfigurationIsVisible = 0;
			defaultConfigurationName = Release;
		};
		D8D91FA22900377E0002C9F2 /* Build configuration list for PBXNativeTarget "MyNetflix" */ = {
			isa = XCConfigurationList;
			buildConfigurations = (
				D8D91FA32900377E0002C9F2 /* Debug */,
				D8D91FA42900377E0002C9F2 /* Release */,
			);
			defaultConfigurationIsVisible = 0;
			defaultConfigurationName = Release;
		};
/* End XCConfigurationList section */

/* Begin XCRemoteSwiftPackageReference section */
		D827634429118E6100693ABB /* XCRemoteSwiftPackageReference "SDWebImage" */ = {
			isa = XCRemoteSwiftPackageReference;
			repositoryURL = "https://github.com/SDWebImage/SDWebImage.git";
			requirement = {
				kind = upToNextMajorVersion;
				minimumVersion = 5.0.0;
			};
		};
/* End XCRemoteSwiftPackageReference section */

/* Begin XCSwiftPackageProductDependency section */
		D827634529118E6100693ABB /* SDWebImage */ = {
			isa = XCSwiftPackageProductDependency;
			package = D827634429118E6100693ABB /* XCRemoteSwiftPackageReference "SDWebImage" */;
			productName = SDWebImage;
		};
		D827634729118E6100693ABB /* SDWebImageMapKit */ = {
			isa = XCSwiftPackageProductDependency;
			package = D827634429118E6100693ABB /* XCRemoteSwiftPackageReference "SDWebImage" */;
			productName = SDWebImageMapKit;
		};
/* End XCSwiftPackageProductDependency section */

/* Begin XCVersionGroup section */
		D8F6CBC02A09A9A300D7B522 /* CoreDataModel.xcdatamodeld */ = {
			isa = XCVersionGroup;
			children = (
				D8F6CBC12A09A9A300D7B522 /* CoreDataModel.xcdatamodel */,
			);
			currentVersion = D8F6CBC12A09A9A300D7B522 /* CoreDataModel.xcdatamodel */;
			path = CoreDataModel.xcdatamodeld;
			sourceTree = "<group>";
			versionGroupType = wrapper.xcdatamodel;
		};
/* End XCVersionGroup section */
	};
	rootObject = D8D91F862900377D0002C9F2 /* Project object */;
}
